
Microsoft Visual Studio Solution File, Format Version 12.00
# Visual Studio 15
VisualStudioVersion = 15.0.27428.2043
MinimumVisualStudioVersion = 10.0.40219.1
Project("{9A19103F-16F7-4668-BE54-9A1E7A4F7556}") = "DiscordBot", "DiscordBot\DiscordBot.csproj", "{64CD5BAB-45EE-4405-939C-A3B775182C11}"
EndProject
Project("{9A19103F-16F7-4668-BE54-9A1E7A4F7556}") = "AWSLambda", "AWSLambda\AWSLambda.csproj", "{81DE5866-26F4-4CC8-ADF0-719383B6045E}"
EndProject
Global
	GlobalSection(SolutionConfigurationPlatforms) = preSolution
		Debug|Any CPU = Debug|Any CPU
		Release|Any CPU = Release|Any CPU
	EndGlobalSection
	GlobalSection(ProjectConfigurationPlatforms) = postSolution
		{64CD5BAB-45EE-4405-939C-A3B775182C11}.Debug|Any CPU.ActiveCfg = Debug|Any CPU
		{64CD5BAB-45EE-4405-939C-A3B775182C11}.Debug|Any CPU.Build.0 = Debug|Any CPU
		{64CD5BAB-45EE-4405-939C-A3B775182C11}.Release|Any CPU.ActiveCfg = Release|Any CPU
		{64CD5BAB-45EE-4405-939C-A3B775182C11}.Release|Any CPU.Build.0 = Release|Any CPU
		{81DE5866-26F4-4CC8-ADF0-719383B6045E}.Debug|Any CPU.ActiveCfg = Debug|Any CPU
		{81DE5866-26F4-4CC8-ADF0-719383B6045E}.Debug|Any CPU.Build.0 = Debug|Any CPU
		{81DE5866-26F4-4CC8-ADF0-719383B6045E}.Release|Any CPU.ActiveCfg = Release|Any CPU
		{81DE5866-26F4-4CC8-ADF0-719383B6045E}.Release|Any CPU.Build.0 = Release|Any CPU
	EndGlobalSection
	GlobalSection(SolutionProperties) = preSolution
		HideSolutionNode = FALSE
	EndGlobalSection
	GlobalSection(ExtensibilityGlobals) = postSolution
		SolutionGuid = {E020A540-28D7-491E-88C4-B502B765B596}
	EndGlobalSection
EndGlobal
